// !$*UTF8*$!
{
	archiveVersion = 1;
	classes = {
	};
	objectVersion = 46;
	objects = {

/* Begin PBXBuildFile section */
		CC1B44AA1D9BF51700558288 /* PageContentView.swift in Sources */ = {isa = PBXBuildFile; fileRef = CC1B44A91D9BF51700558288 /* PageContentView.swift */; };
		CC1B44AC1D9BF92F00558288 /* UIColor-Exntension.swift in Sources */ = {isa = PBXBuildFile; fileRef = CC1B44AB1D9BF92F00558288 /* UIColor-Exntension.swift */; };
		CC3BFE821D9809A6001952A7 /* PageTitleView.swift in Sources */ = {isa = PBXBuildFile; fileRef = CC3BFE811D9809A6001952A7 /* PageTitleView.swift */; };
		CC4149181D96CC2C0069354D /* AppDelegate.swift in Sources */ = {isa = PBXBuildFile; fileRef = CC4149171D96CC2C0069354D /* AppDelegate.swift */; };
		CC41491D1D96CC2C0069354D /* Main.storyboard in Resources */ = {isa = PBXBuildFile; fileRef = CC41491B1D96CC2C0069354D /* Main.storyboard */; };
		CC41491F1D96CC2C0069354D /* Assets.xcassets in Resources */ = {isa = PBXBuildFile; fileRef = CC41491E1D96CC2C0069354D /* Assets.xcassets */; };
		CC4149221D96CC2C0069354D /* LaunchScreen.storyboard in Resources */ = {isa = PBXBuildFile; fileRef = CC4149201D96CC2C0069354D /* LaunchScreen.storyboard */; };
		CC6DCA131DA7A6AD0040ACDD /* RecommendViewController.swift in Sources */ = {isa = PBXBuildFile; fileRef = CC6DCA121DA7A6AD0040ACDD /* RecommendViewController.swift */; };
		CC6DCA161DA7BB430040ACDD /* CollectionHeadView.swift in Sources */ = {isa = PBXBuildFile; fileRef = CC6DCA141DA7BB430040ACDD /* CollectionHeadView.swift */; };
		CC6DCA171DA7BB430040ACDD /* CollectionHeadView.xib in Resources */ = {isa = PBXBuildFile; fileRef = CC6DCA151DA7BB430040ACDD /* CollectionHeadView.xib */; };
		CC6DCA1A1DA7D2900040ACDD /* CollectionViewNormalCell.swift in Sources */ = {isa = PBXBuildFile; fileRef = CC6DCA181DA7D2900040ACDD /* CollectionViewNormalCell.swift */; };
		CC6DCA1B1DA7D2900040ACDD /* CollectionViewNormalCell.xib in Resources */ = {isa = PBXBuildFile; fileRef = CC6DCA191DA7D2900040ACDD /* CollectionViewNormalCell.xib */; };
		CC6DCA1E1DA7ED350040ACDD /* CollectionPrettyViewCell.swift in Sources */ = {isa = PBXBuildFile; fileRef = CC6DCA1C1DA7ED350040ACDD /* CollectionPrettyViewCell.swift */; };
		CC6DCA1F1DA7ED350040ACDD /* CollectionPrettyViewCell.xib in Resources */ = {isa = PBXBuildFile; fileRef = CC6DCA1D1DA7ED350040ACDD /* CollectionPrettyViewCell.xib */; };
		CC8786B71D9AC2BA00E8A528 /* Common.swift in Sources */ = {isa = PBXBuildFile; fileRef = CC8786B61D9AC2BA00E8A528 /* Common.swift */; };
		CCC2F81D1D96DDBF00B328AC /* Home.storyboard in Resources */ = {isa = PBXBuildFile; fileRef = CCC2F81B1D96DDBF00B328AC /* Home.storyboard */; };
		CCC2F8211D96DE1B00B328AC /* Fllow.storyboard in Resources */ = {isa = PBXBuildFile; fileRef = CCC2F8201D96DE1B00B328AC /* Fllow.storyboard */; };
		CCC2F82E1D96E6B200B328AC /* MainViewController.swift in Sources */ = {isa = PBXBuildFile; fileRef = CCC2F82B1D96E6B200B328AC /* MainViewController.swift */; };
		CCC2F83C1D96E8F300B328AC /* Live.storyboard in Resources */ = {isa = PBXBuildFile; fileRef = CCC2F83A1D96E8F300B328AC /* Live.storyboard */; };
		CCC2F83E1D96E94500B328AC /* Porfile.storyboard in Resources */ = {isa = PBXBuildFile; fileRef = CCC2F83D1D96E94500B328AC /* Porfile.storyboard */; };
		CCC2F8411D96EF9C00B328AC /* UIBarButtonItem-Exnetsion.swift in Sources */ = {isa = PBXBuildFile; fileRef = CCC2F8401D96EF9C00B328AC /* UIBarButtonItem-Exnetsion.swift */; };
		CCC2F8431D96F2A100B328AC /* HomeViewController.swift in Sources */ = {isa = PBXBuildFile; fileRef = CCC2F8421D96F2A100B328AC /* HomeViewController.swift */; };
/* End PBXBuildFile section */

/* Begin PBXFileReference section */
		CC1B44A91D9BF51700558288 /* PageContentView.swift */ = {isa = PBXFileReference; fileEncoding = 4; lastKnownFileType = sourcecode.swift; path = PageContentView.swift; sourceTree = "<group>"; };
		CC1B44AB1D9BF92F00558288 /* UIColor-Exntension.swift */ = {isa = PBXFileReference; fileEncoding = 4; lastKnownFileType = sourcecode.swift; path = "UIColor-Exntension.swift"; sourceTree = "<group>"; };
		CC3BFE811D9809A6001952A7 /* PageTitleView.swift */ = {isa = PBXFileReference; fileEncoding = 4; lastKnownFileType = sourcecode.swift; path = PageTitleView.swift; sourceTree = "<group>"; };
		CC4149141D96CC2C0069354D /* DYZB.app */ = {isa = PBXFileReference; explicitFileType = wrapper.application; includeInIndex = 0; path = DYZB.app; sourceTree = BUILT_PRODUCTS_DIR; };
		CC4149171D96CC2C0069354D /* AppDelegate.swift */ = {isa = PBXFileReference; lastKnownFileType = sourcecode.swift; path = AppDelegate.swift; sourceTree = "<group>"; };
		CC41491C1D96CC2C0069354D /* Base */ = {isa = PBXFileReference; lastKnownFileType = file.storyboard; name = Base; path = Base.lproj/Main.storyboard; sourceTree = "<group>"; };
		CC41491E1D96CC2C0069354D /* Assets.xcassets */ = {isa = PBXFileReference; lastKnownFileType = folder.assetcatalog; path = Assets.xcassets; sourceTree = "<group>"; };
		CC4149211D96CC2C0069354D /* Base */ = {isa = PBXFileReference; lastKnownFileType = file.storyboard; name = Base; path = Base.lproj/LaunchScreen.storyboard; sourceTree = "<group>"; };
		CC4149231D96CC2C0069354D /* Info.plist */ = {isa = PBXFileReference; lastKnownFileType = text.plist.xml; path = Info.plist; sourceTree = "<group>"; };
		CC6DCA121DA7A6AD0040ACDD /* RecommendViewController.swift */ = {isa = PBXFileReference; fileEncoding = 4; lastKnownFileType = sourcecode.swift; path = RecommendViewController.swift; sourceTree = "<group>"; };
		CC6DCA141DA7BB430040ACDD /* CollectionHeadView.swift */ = {isa = PBXFileReference; fileEncoding = 4; lastKnownFileType = sourcecode.swift; path = CollectionHeadView.swift; sourceTree = "<group>"; };
		CC6DCA151DA7BB430040ACDD /* CollectionHeadView.xib */ = {isa = PBXFileReference; fileEncoding = 4; lastKnownFileType = file.xib; path = CollectionHeadView.xib; sourceTree = "<group>"; };
		CC6DCA181DA7D2900040ACDD /* CollectionViewNormalCell.swift */ = {isa = PBXFileReference; fileEncoding = 4; lastKnownFileType = sourcecode.swift; path = CollectionViewNormalCell.swift; sourceTree = "<group>"; };
		CC6DCA191DA7D2900040ACDD /* CollectionViewNormalCell.xib */ = {isa = PBXFileReference; fileEncoding = 4; lastKnownFileType = file.xib; path = CollectionViewNormalCell.xib; sourceTree = "<group>"; };
		CC6DCA1C1DA7ED350040ACDD /* CollectionPrettyViewCell.swift */ = {isa = PBXFileReference; fileEncoding = 4; lastKnownFileType = sourcecode.swift; path = CollectionPrettyViewCell.swift; sourceTree = "<group>"; };
		CC6DCA1D1DA7ED350040ACDD /* CollectionPrettyViewCell.xib */ = {isa = PBXFileReference; fileEncoding = 4; lastKnownFileType = file.xib; path = CollectionPrettyViewCell.xib; sourceTree = "<group>"; };
		CC8786B61D9AC2BA00E8A528 /* Common.swift */ = {isa = PBXFileReference; fileEncoding = 4; lastKnownFileType = sourcecode.swift; path = Common.swift; sourceTree = "<group>"; };
		CCC2F81C1D96DDBF00B328AC /* Base */ = {isa = PBXFileReference; lastKnownFileType = file.storyboard; name = Base; path = DYZB/Base.lproj/Home.storyboard; sourceTree = SOURCE_ROOT; };
		CCC2F8201D96DE1B00B328AC /* Fllow.storyboard */ = {isa = PBXFileReference; fileEncoding = 4; lastKnownFileType = file.storyboard; name = Fllow.storyboard; path = "DYZB/Classes/Fllow-关注/Fllow.storyboard"; sourceTree = SOURCE_ROOT; };
		CCC2F82B1D96E6B200B328AC /* MainViewController.swift */ = {isa = PBXFileReference; fileEncoding = 4; lastKnownFileType = sourcecode.swift; path = MainViewController.swift; sourceTree = "<group>"; };
		CCC2F83B1D96E8F300B328AC /* Base */ = {isa = PBXFileReference; lastKnownFileType = file.storyboard; name = Base; path = DYZB/Base.lproj/Live.storyboard; sourceTree = "<group>"; };
		CCC2F83D1D96E94500B328AC /* Porfile.storyboard */ = {isa = PBXFileReference; fileEncoding = 4; lastKnownFileType = file.storyboard; name = Porfile.storyboard; path = "../../Live-直播/Controller/Porfile.storyboard"; sourceTree = "<group>"; };
		CCC2F8401D96EF9C00B328AC /* UIBarButtonItem-Exnetsion.swift */ = {isa = PBXFileReference; fileEncoding = 4; lastKnownFileType = sourcecode.swift; path = "UIBarButtonItem-Exnetsion.swift"; sourceTree = "<group>"; };
		CCC2F8421D96F2A100B328AC /* HomeViewController.swift */ = {isa = PBXFileReference; fileEncoding = 4; lastKnownFileType = sourcecode.swift; path = HomeViewController.swift; sourceTree = "<group>"; };
/* End PBXFileReference section */

/* Begin PBXFrameworksBuildPhase section */
		CC4149111D96CC2C0069354D /* Frameworks */ = {
			isa = PBXFrameworksBuildPhase;
			buildActionMask = 2147483647;
			files = (
			);
			runOnlyForDeploymentPostprocessing = 0;
		};
/* End PBXFrameworksBuildPhase section */

/* Begin PBXGroup section */
		CC41490B1D96CC2C0069354D = {
			isa = PBXGroup;
			children = (
				CC4149161D96CC2C0069354D /* DYZB */,
				CC4149151D96CC2C0069354D /* Products */,
			);
			sourceTree = "<group>";
		};
		CC4149151D96CC2C0069354D /* Products */ = {
			isa = PBXGroup;
			children = (
				CC4149141D96CC2C0069354D /* DYZB.app */,
			);
			name = Products;
			sourceTree = "<group>";
		};
		CC4149161D96CC2C0069354D /* DYZB */ = {
			isa = PBXGroup;
			children = (
				CC4149291D96D3DC0069354D /* Classes */,
				CC4149171D96CC2C0069354D /* AppDelegate.swift */,
				CC41491E1D96CC2C0069354D /* Assets.xcassets */,
				CC4149201D96CC2C0069354D /* LaunchScreen.storyboard */,
				CC4149231D96CC2C0069354D /* Info.plist */,
			);
			path = DYZB;
			sourceTree = "<group>";
		};
		CC4149291D96D3DC0069354D /* Classes */ = {
			isa = PBXGroup;
			children = (
				CC41492D1D96D3DC0069354D /* Main-主要 */,
				CC41492B1D96D3DC0069354D /* Home-首页 */,
				CC41492C1D96D3DC0069354D /* Live-直播 */,
				CC41492A1D96D3DC0069354D /* Fllow-关注 */,
				CC41492E1D96D3DC0069354D /* Profile-我 */,
				CC41492F1D96D3DC0069354D /* Tools-工具 */,
			);
			path = Classes;
			sourceTree = "<group>";
		};
		CC41492A1D96D3DC0069354D /* Fllow-关注 */ = {
			isa = PBXGroup;
			children = (
				CCC2F8201D96DE1B00B328AC /* Fllow.storyboard */,
			);
			path = "Fllow-关注";
			sourceTree = "<group>";
		};
		CC41492B1D96D3DC0069354D /* Home-首页 */ = {
			isa = PBXGroup;
			children = (
				CCC2F82F1D96E6D500B328AC /* Controller */,
				CCC2F8301D96E6D500B328AC /* Model */,
				CCC2F8311D96E6D500B328AC /* View */,
			);
			path = "Home-首页";
			sourceTree = "<group>";
		};
		CC41492C1D96D3DC0069354D /* Live-直播 */ = {
			isa = PBXGroup;
			children = (
				CCC2F8321D96E6E400B328AC /* Controller */,
				CCC2F8331D96E6E400B328AC /* Model */,
				CCC2F8341D96E6E400B328AC /* View */,
			);
			path = "Live-直播";
			sourceTree = "<group>";
		};
		CC41492D1D96D3DC0069354D /* Main-主要 */ = {
			isa = PBXGroup;
			children = (
				CCC2F82A1D96E6B200B328AC /* Controller */,
				CCC2F82C1D96E6B200B328AC /* Model */,
				CCC2F82D1D96E6B200B328AC /* View */,
			);
			path = "Main-主要";
			sourceTree = "<group>";
		};
		CC41492E1D96D3DC0069354D /* Profile-我 */ = {
			isa = PBXGroup;
			children = (
				CCC2F8351D96E72A00B328AC /* Controller */,
				CCC2F8361D96E72A00B328AC /* Model */,
				CCC2F8371D96E72A00B328AC /* View */,
			);
			path = "Profile-我";
			sourceTree = "<group>";
		};
		CC41492F1D96D3DC0069354D /* Tools-工具 */ = {
			isa = PBXGroup;
			children = (
				CCC2F83F1D96EF4200B328AC /* Exntension */,
				CC8786B61D9AC2BA00E8A528 /* Common.swift */,
			);
			path = "Tools-工具";
			sourceTree = "<group>";
		};
		CCC2F82A1D96E6B200B328AC /* Controller */ = {
			isa = PBXGroup;
			children = (
				CC41491B1D96CC2C0069354D /* Main.storyboard */,
				CCC2F82B1D96E6B200B328AC /* MainViewController.swift */,
			);
			path = Controller;
			sourceTree = "<group>";
		};
		CCC2F82C1D96E6B200B328AC /* Model */ = {
			isa = PBXGroup;
			children = (
			);
			path = Model;
			sourceTree = "<group>";
		};
		CCC2F82D1D96E6B200B328AC /* View */ = {
			isa = PBXGroup;
			children = (
				CC3BFE811D9809A6001952A7 /* PageTitleView.swift */,
				CC1B44A91D9BF51700558288 /* PageContentView.swift */,
				CC6DCA181DA7D2900040ACDD /* CollectionViewNormalCell.swift */,
				CC6DCA191DA7D2900040ACDD /* CollectionViewNormalCell.xib */,
				CC6DCA1C1DA7ED350040ACDD /* CollectionPrettyViewCell.swift */,
				CC6DCA1D1DA7ED350040ACDD /* CollectionPrettyViewCell.xib */,
			);
			path = View;
			sourceTree = "<group>";
		};
		CCC2F82F1D96E6D500B328AC /* Controller */ = {
			isa = PBXGroup;
			children = (
				CCC2F81B1D96DDBF00B328AC /* Home.storyboard */,
				CCC2F8421D96F2A100B328AC /* HomeViewController.swift */,
				CC6DCA121DA7A6AD0040ACDD /* RecommendViewController.swift */,
			);
			path = Controller;
			sourceTree = "<group>";
		};
		CCC2F8301D96E6D500B328AC /* Model */ = {
			isa = PBXGroup;
			children = (
			);
			path = Model;
			sourceTree = "<group>";
		};
		CCC2F8311D96E6D500B328AC /* View */ = {
			isa = PBXGroup;
			children = (
				CC6DCA141DA7BB430040ACDD /* CollectionHeadView.swift */,
				CC6DCA151DA7BB430040ACDD /* CollectionHeadView.xib */,
			);
			path = View;
			sourceTree = "<group>";
		};
		CCC2F8321D96E6E400B328AC /* Controller */ = {
			isa = PBXGroup;
			children = (
				CCC2F83A1D96E8F300B328AC /* Live.storyboard */,
			);
			path = Controller;
			sourceTree = "<group>";
		};
		CCC2F8331D96E6E400B328AC /* Model */ = {
			isa = PBXGroup;
			children = (
			);
			path = Model;
			sourceTree = "<group>";
		};
		CCC2F8341D96E6E400B328AC /* View */ = {
			isa = PBXGroup;
			children = (
			);
			path = View;
			sourceTree = "<group>";
		};
		CCC2F8351D96E72A00B328AC /* Controller */ = {
			isa = PBXGroup;
			children = (
				CCC2F83D1D96E94500B328AC /* Porfile.storyboard */,
			);
			path = Controller;
			sourceTree = "<group>";
		};
		CCC2F8361D96E72A00B328AC /* Model */ = {
			isa = PBXGroup;
			children = (
			);
			path = Model;
			sourceTree = "<group>";
		};
		CCC2F8371D96E72A00B328AC /* View */ = {
			isa = PBXGroup;
			children = (
			);
			path = View;
			sourceTree = "<group>";
		};
		CCC2F83F1D96EF4200B328AC /* Exntension */ = {
			isa = PBXGroup;
			children = (
				CCC2F8401D96EF9C00B328AC /* UIBarButtonItem-Exnetsion.swift */,
				CC1B44AB1D9BF92F00558288 /* UIColor-Exntension.swift */,
			);
			path = Exntension;
			sourceTree = "<group>";
		};
/* End PBXGroup section */

/* Begin PBXNativeTarget section */
		CC4149131D96CC2C0069354D /* DYZB */ = {
			isa = PBXNativeTarget;
			buildConfigurationList = CC4149261D96CC2C0069354D /* Build configuration list for PBXNativeTarget "DYZB" */;
			buildPhases = (
				CC4149101D96CC2C0069354D /* Sources */,
				CC4149111D96CC2C0069354D /* Frameworks */,
				CC4149121D96CC2C0069354D /* Resources */,
			);
			buildRules = (
			);
			dependencies = (
			);
			name = DYZB;
			productName = DYZB;
			productReference = CC4149141D96CC2C0069354D /* DYZB.app */;
			productType = "com.apple.product-type.application";
		};
/* End PBXNativeTarget section */

/* Begin PBXProject section */
		CC41490C1D96CC2C0069354D /* Project object */ = {
			isa = PBXProject;
			attributes = {
				LastSwiftUpdateCheck = 0730;
				LastUpgradeCheck = 0800;
				ORGANIZATIONNAME = "古古辉";
				TargetAttributes = {
					CC4149131D96CC2C0069354D = {
						CreatedOnToolsVersion = 7.3.1;
						LastSwiftMigration = 0800;
					};
				};
			};
			buildConfigurationList = CC41490F1D96CC2C0069354D /* Build configuration list for PBXProject "DYZB" */;
			compatibilityVersion = "Xcode 3.2";
			developmentRegion = English;
			hasScannedForEncodings = 0;
			knownRegions = (
				en,
				Base,
			);
			mainGroup = CC41490B1D96CC2C0069354D;
			productRefGroup = CC4149151D96CC2C0069354D /* Products */;
			projectDirPath = "";
			projectRoot = "";
			targets = (
				CC4149131D96CC2C0069354D /* DYZB */,
			);
		};
/* End PBXProject section */

/* Begin PBXResourcesBuildPhase section */
		CC4149121D96CC2C0069354D /* Resources */ = {
			isa = PBXResourcesBuildPhase;
			buildActionMask = 2147483647;
			files = (
				CC6DCA171DA7BB430040ACDD /* CollectionHeadView.xib in Resources */,
				CCC2F83E1D96E94500B328AC /* Porfile.storyboard in Resources */,
				CC4149221D96CC2C0069354D /* LaunchScreen.storyboard in Resources */,
				CC41491F1D96CC2C0069354D /* Assets.xcassets in Resources */,
				CCC2F83C1D96E8F300B328AC /* Live.storyboard in Resources */,
				CC6DCA1B1DA7D2900040ACDD /* CollectionViewNormalCell.xib in Resources */,
				CC41491D1D96CC2C0069354D /* Main.storyboard in Resources */,
				CCC2F81D1D96DDBF00B328AC /* Home.storyboard in Resources */,
				CC6DCA1F1DA7ED350040ACDD /* CollectionPrettyViewCell.xib in Resources */,
				CCC2F8211D96DE1B00B328AC /* Fllow.storyboard in Resources */,
			);
			runOnlyForDeploymentPostprocessing = 0;
		};
/* End PBXResourcesBuildPhase section */

/* Begin PBXSourcesBuildPhase section */
		CC4149101D96CC2C0069354D /* Sources */ = {
			isa = PBXSourcesBuildPhase;
			buildActionMask = 2147483647;
			files = (
				CC1B44AC1D9BF92F00558288 /* UIColor-Exntension.swift in Sources */,
				CC4149181D96CC2C0069354D /* AppDelegate.swift in Sources */,
				CC6DCA131DA7A6AD0040ACDD /* RecommendViewController.swift in Sources */,
				CCC2F82E1D96E6B200B328AC /* MainViewController.swift in Sources */,
				CC3BFE821D9809A6001952A7 /* PageTitleView.swift in Sources */,
				CC6DCA1A1DA7D2900040ACDD /* CollectionViewNormalCell.swift in Sources */,
				CC1B44AA1D9BF51700558288 /* PageContentView.swift in Sources */,
				CCC2F8411D96EF9C00B328AC /* UIBarButtonItem-Exnetsion.swift in Sources */,
				CC6DCA1E1DA7ED350040ACDD /* CollectionPrettyViewCell.swift in Sources */,
				CC8786B71D9AC2BA00E8A528 /* Common.swift in Sources */,
				CC6DCA161DA7BB430040ACDD /* CollectionHeadView.swift in Sources */,
				CCC2F8431D96F2A100B328AC /* HomeViewController.swift in Sources */,
			);
			runOnlyForDeploymentPostprocessing = 0;
		};
/* End PBXSourcesBuildPhase section */

/* Begin PBXVariantGroup section */
		CC41491B1D96CC2C0069354D /* Main.storyboard */ = {
			isa = PBXVariantGroup;
			children = (
				CC41491C1D96CC2C0069354D /* Base */,
			);
			name = Main.storyboard;
			path = ../../..;
			sourceTree = "<group>";
		};
		CC4149201D96CC2C0069354D /* LaunchScreen.storyboard */ = {
			isa = PBXVariantGroup;
			children = (
				CC4149211D96CC2C0069354D /* Base */,
			);
			name = LaunchScreen.storyboard;
			sourceTree = "<group>";
		};
		CCC2F81B1D96DDBF00B328AC /* Home.storyboard */ = {
			isa = PBXVariantGroup;
			children = (
				CCC2F81C1D96DDBF00B328AC /* Base */,
			);
			name = Home.storyboard;
			path = "../../Main-主要";
			sourceTree = "<group>";
		};
		CCC2F83A1D96E8F300B328AC /* Live.storyboard */ = {
			isa = PBXVariantGroup;
			children = (
				CCC2F83B1D96E8F300B328AC /* Base */,
			);
			name = Live.storyboard;
			path = ../../../..;
			sourceTree = "<group>";
		};
/* End PBXVariantGroup section */

/* Begin XCBuildConfiguration section */
		CC4149241D96CC2C0069354D /* Debug */ = {
			isa = XCBuildConfiguration;
			buildSettings = {
				ALWAYS_SEARCH_USER_PATHS = NO;
				CLANG_ANALYZER_NONNULL = YES;
				CLANG_CXX_LANGUAGE_STANDARD = "gnu++0x";
				CLANG_CXX_LIBRARY = "libc++";
				CLANG_ENABLE_MODULES = YES;
				CLANG_ENABLE_OBJC_ARC = YES;
				CLANG_WARN_BOOL_CONVERSION = YES;
				CLANG_WARN_CONSTANT_CONVERSION = YES;
				CLANG_WARN_DIRECT_OBJC_ISA_USAGE = YES_ERROR;
				CLANG_WARN_EMPTY_BODY = YES;
				CLANG_WARN_ENUM_CONVERSION = YES;
				CLANG_WARN_INFINITE_RECURSION = YES;
				CLANG_WARN_INT_CONVERSION = YES;
				CLANG_WARN_OBJC_ROOT_CLASS = YES_ERROR;
				CLANG_WARN_SUSPICIOUS_MOVE = YES;
				CLANG_WARN_UNREACHABLE_CODE = YES;
				CLANG_WARN__DUPLICATE_METHOD_MATCH = YES;
				"CODE_SIGN_IDENTITY[sdk=iphoneos*]" = "iPhone Developer";
				COPY_PHASE_STRIP = NO;
				DEBUG_INFORMATION_FORMAT = dwarf;
				ENABLE_STRICT_OBJC_MSGSEND = YES;
				ENABLE_TESTABILITY = YES;
				GCC_C_LANGUAGE_STANDARD = gnu99;
				GCC_DYNAMIC_NO_PIC = NO;
				GCC_NO_COMMON_BLOCKS = YES;
				GCC_OPTIMIZATION_LEVEL = 0;
				GCC_PREPROCESSOR_DEFINITIONS = (
					"DEBUG=1",
					"$(inherited)",
				);
				GCC_WARN_64_TO_32_BIT_CONVERSION = YES;
				GCC_WARN_ABOUT_RETURN_TYPE = YES_ERROR;
				GCC_WARN_UNDECLARED_SELECTOR = YES;
				GCC_WARN_UNINITIALIZED_AUTOS = YES_AGGRESSIVE;
				GCC_WARN_UNUSED_FUNCTION = YES;
				GCC_WARN_UNUSED_VARIABLE = YES;
				IPHONEOS_DEPLOYMENT_TARGET = 9.3;
				MTL_ENABLE_DEBUG_INFO = YES;
				ONLY_ACTIVE_ARCH = YES;
				SDKROOT = iphoneos;
				SWIFT_OPTIMIZATION_LEVEL = "-Onone";
			};
			name = Debug;
		};
		CC4149251D96CC2C0069354D /* Release */ = {
			isa = XCBuildConfiguration;
			buildSettings = {
				ALWAYS_SEARCH_USER_PATHS = NO;
				CLANG_ANALYZER_NONNULL = YES;
				CLANG_CXX_LANGUAGE_STANDARD = "gnu++0x";
				CLANG_CXX_LIBRARY = "libc++";
				CLANG_ENABLE_MODULES = YES;
				CLANG_ENABLE_OBJC_ARC = YES;
				CLANG_WARN_BOOL_CONVERSION = YES;
				CLANG_WARN_CONSTANT_CONVERSION = YES;
				CLANG_WARN_DIRECT_OBJC_ISA_USAGE = YES_ERROR;
				CLANG_WARN_EMPTY_BODY = YES;
				CLANG_WARN_ENUM_CONVERSION = YES;
				CLANG_WARN_INFINITE_RECURSION = YES;
				CLANG_WARN_INT_CONVERSION = YES;
				CLANG_WARN_OBJC_ROOT_CLASS = YES_ERROR;
				CLANG_WARN_SUSPICIOUS_MOVE = YES;
				CLANG_WARN_UNREACHABLE_CODE = YES;
				CLANG_WARN__DUPLICATE_METHOD_MATCH = YES;
				"CODE_SIGN_IDENTITY[sdk=iphoneos*]" = "iPhone Developer";
				COPY_PHASE_STRIP = NO;
				DEBUG_INFORMATION_FORMAT = "dwarf-with-dsym";
				ENABLE_NS_ASSERTIONS = NO;
				ENABLE_STRICT_OBJC_MSGSEND = YES;
				GCC_C_LANGUAGE_STANDARD = gnu99;
				GCC_NO_COMMON_BLOCKS = YES;
				GCC_WARN_64_TO_32_BIT_CONVERSION = YES;
				GCC_WARN_ABOUT_RETURN_TYPE = YES_ERROR;
				GCC_WARN_UNDECLARED_SELECTOR = YES;
				GCC_WARN_UNINITIALIZED_AUTOS = YES_AGGRESSIVE;
				GCC_WARN_UNUSED_FUNCTION = YES;
				GCC_WARN_UNUSED_VARIABLE = YES;
				IPHONEOS_DEPLOYMENT_TARGET = 9.3;
				MTL_ENABLE_DEBUG_INFO = NO;
				SDKROOT = iphoneos;
				SWIFT_OPTIMIZATION_LEVEL = "-Owholemodule";
				VALIDATE_PRODUCT = YES;
			};
			name = Release;
		};
		CC4149271D96CC2C0069354D /* Debug */ = {
			isa = XCBuildConfiguration;
			buildSettings = {
				ASSETCATALOG_COMPILER_APPICON_NAME = AppIcon;
				ASSETCATALOG_COMPILER_LAUNCHIMAGE_NAME = "Brand Assets";
				CODE_SIGN_IDENTITY = "iPhone Developer";
				INFOPLIST_FILE = DYZB/Info.plist;
				IPHONEOS_DEPLOYMENT_TARGET = 8.0;
				LD_RUNPATH_SEARCH_PATHS = "$(inherited) @executable_path/Frameworks";
				PRODUCT_BUNDLE_IDENTIFIER = GuHui.com.DYZB;
				PRODUCT_NAME = "$(TARGET_NAME)";
				SWIFT_VERSION = 3.0;
			};
			name = Debug;
		};
		CC4149281D96CC2C0069354D /* Release */ = {
			isa = XCBuildConfiguration;
			buildSettings = {
				ASSETCATALOG_COMPILER_APPICON_NAME = AppIcon;
				ASSETCATALOG_COMPILER_LAUNCHIMAGE_NAME = "Brand Assets";
				CODE_SIGN_IDENTITY = "iPhone Developer";
				INFOPLIST_FILE = DYZB/Info.plist;
				IPHONEOS_DEPLOYMENT_TARGET = 8.0;
				LD_RUNPATH_SEARCH_PATHS = "$(inherited) @executable_path/Frameworks";
				PRODUCT_BUNDLE_IDENTIFIER = GuHui.com.DYZB;
				PRODUCT_NAME = "$(TARGET_NAME)";
				SWIFT_VERSION = 3.0;
			};
			name = Release;
		};
/* End XCBuildConfiguration section */

/* Begin XCConfigurationList section */
		CC41490F1D96CC2C0069354D /* Build configuration list for PBXProject "DYZB" */ = {
			isa = XCConfigurationList;
			buildConfigurations = (
				CC4149241D96CC2C0069354D /* Debug */,
				CC4149251D96CC2C0069354D /* Release */,
			);
			defaultConfigurationIsVisible = 0;
			defaultConfigurationName = Release;
		};
		CC4149261D96CC2C0069354D /* Build configuration list for PBXNativeTarget "DYZB" */ = {
			isa = XCConfigurationList;
			buildConfigurations = (
				CC4149271D96CC2C0069354D /* Debug */,
				CC4149281D96CC2C0069354D /* Release */,
			);
			defaultConfigurationIsVisible = 0;
			defaultConfigurationName = Release;
		};
/* End XCConfigurationList section */
	};
	rootObject = CC41490C1D96CC2C0069354D /* Project object */;
}
